// !$*UTF8*$!
{
	archiveVersion = 1;
	classes = {
	};
	objectVersion = 50;
	objects = {

/* Begin PBXBuildFile section */
		5C89D2AE26D926900033C9FF /* AppDelegate.swift in Sources */ = {isa = PBXBuildFile; fileRef = 5C89D2AD26D926900033C9FF /* AppDelegate.swift */; };
		5C89D2B026D926900033C9FF /* SceneDelegate.swift in Sources */ = {isa = PBXBuildFile; fileRef = 5C89D2AF26D926900033C9FF /* SceneDelegate.swift */; };
		5C89D2B226D926900033C9FF /* ViewController.swift in Sources */ = {isa = PBXBuildFile; fileRef = 5C89D2B126D926900033C9FF /* ViewController.swift */; };
		5C89D2B526D926900033C9FF /* Main.storyboard in Resources */ = {isa = PBXBuildFile; fileRef = 5C89D2B326D926900033C9FF /* Main.storyboard */; };
		5C89D2B726D926900033C9FF /* Assets.xcassets in Resources */ = {isa = PBXBuildFile; fileRef = 5C89D2B626D926900033C9FF /* Assets.xcassets */; };
		5C89D2BA26D926900033C9FF /* LaunchScreen.storyboard in Resources */ = {isa = PBXBuildFile; fileRef = 5C89D2B826D926900033C9FF /* LaunchScreen.storyboard */; };
		5C89D2C526D926900033C9FF /* PoorTests.swift in Sources */ = {isa = PBXBuildFile; fileRef = 5C89D2C426D926900033C9FF /* PoorTests.swift */; };
		5C89D2D026D926900033C9FF /* PoorUITests.swift in Sources */ = {isa = PBXBuildFile; fileRef = 5C89D2CF26D926900033C9FF /* PoorUITests.swift */; };
/* End PBXBuildFile section */

/* Begin PBXContainerItemProxy section */
		5C89D2C126D926900033C9FF /* PBXContainerItemProxy */ = {
			isa = PBXContainerItemProxy;
			containerPortal = 5C89D2A226D9268F0033C9FF /* Project object */;
			proxyType = 1;
			remoteGlobalIDString = 5C89D2A926D926900033C9FF;
			remoteInfo = Poor;
		};
		5C89D2CC26D926900033C9FF /* PBXContainerItemProxy */ = {
			isa = PBXContainerItemProxy;
			containerPortal = 5C89D2A226D9268F0033C9FF /* Project object */;
			proxyType = 1;
			remoteGlobalIDString = 5C89D2A926D926900033C9FF;
			remoteInfo = Poor;
		};
/* End PBXContainerItemProxy section */

/* Begin PBXFileReference section */
		5C89D2AA26D926900033C9FF /* Poor.app */ = {isa = PBXFileReference; explicitFileType = wrapper.application; includeInIndex = 0; path = Poor.app; sourceTree = BUILT_PRODUCTS_DIR; };
		5C89D2AD26D926900033C9FF /* AppDelegate.swift */ = {isa = PBXFileReference; lastKnownFileType = sourcecode.swift; path = AppDelegate.swift; sourceTree = "<group>"; };
		5C89D2AF26D926900033C9FF /* SceneDelegate.swift */ = {isa = PBXFileReference; lastKnownFileType = sourcecode.swift; path = SceneDelegate.swift; sourceTree = "<group>"; };
		5C89D2B126D926900033C9FF /* ViewController.swift */ = {isa = PBXFileReference; lastKnownFileType = sourcecode.swift; path = ViewController.swift; sourceTree = "<group>"; };
		5C89D2B426D926900033C9FF /* Base */ = {isa = PBXFileReference; lastKnownFileType = file.storyboard; name = Base; path = Base.lproj/Main.storyboard; sourceTree = "<group>"; };
		5C89D2B626D926900033C9FF /* Assets.xcassets */ = {isa = PBXFileReference; lastKnownFileType = folder.assetcatalog; path = Assets.xcassets; sourceTree = "<group>"; };
		5C89D2B926D926900033C9FF /* Base */ = {isa = PBXFileReference; lastKnownFileType = file.storyboard; name = Base; path = Base.lproj/LaunchScreen.storyboard; sourceTree = "<group>"; };
		5C89D2BB26D926900033C9FF /* Info.plist */ = {isa = PBXFileReference; lastKnownFileType = text.plist.xml; path = Info.plist; sourceTree = "<group>"; };
		5C89D2C026D926900033C9FF /* PoorTests.xctest */ = {isa = PBXFileReference; explicitFileType = wrapper.cfbundle; includeInIndex = 0; path = PoorTests.xctest; sourceTree = BUILT_PRODUCTS_DIR; };
		5C89D2C426D926900033C9FF /* PoorTests.swift */ = {isa = PBXFileReference; lastKnownFileType = sourcecode.swift; path = PoorTests.swift; sourceTree = "<group>"; };
		5C89D2C626D926900033C9FF /* Info.plist */ = {isa = PBXFileReference; lastKnownFileType = text.plist.xml; path = Info.plist; sourceTree = "<group>"; };
		5C89D2CB26D926900033C9FF /* PoorUITests.xctest */ = {isa = PBXFileReference; explicitFileType = wrapper.cfbundle; includeInIndex = 0; path = PoorUITests.xctest; sourceTree = BUILT_PRODUCTS_DIR; };
		5C89D2CF26D926900033C9FF /* PoorUITests.swift */ = {isa = PBXFileReference; lastKnownFileType = sourcecode.swift; path = PoorUITests.swift; sourceTree = "<group>"; };
		5C89D2D126D926900033C9FF /* Info.plist */ = {isa = PBXFileReference; lastKnownFileType = text.plist.xml; path = Info.plist; sourceTree = "<group>"; };
/* End PBXFileReference section */

/* Begin PBXFrameworksBuildPhase section */
		5C89D2A726D926900033C9FF /* Frameworks */ = {
			isa = PBXFrameworksBuildPhase;
			buildActionMask = 2147483647;
			files = (
			);
			runOnlyForDeploymentPostprocessing = 0;
		};
		5C89D2BD26D926900033C9FF /* Frameworks */ = {
			isa = PBXFrameworksBuildPhase;
			buildActionMask = 2147483647;
			files = (
			);
			runOnlyForDeploymentPostprocessing = 0;
		};
		5C89D2C826D926900033C9FF /* Frameworks */ = {
			isa = PBXFrameworksBuildPhase;
			buildActionMask = 2147483647;
			files = (
			);
			runOnlyForDeploymentPostprocessing = 0;
		};
/* End PBXFrameworksBuildPhase section */

/* Begin PBXGroup section */
		5C89D2A126D9268F0033C9FF = {
			isa = PBXGroup;
			children = (
				5C89D2AC26D926900033C9FF /* Poor */,
				5C89D2C326D926900033C9FF /* PoorTests */,
				5C89D2CE26D926900033C9FF /* PoorUITests */,
				5C89D2AB26D926900033C9FF /* Products */,
			);
			sourceTree = "<group>";
		};
		5C89D2AB26D926900033C9FF /* Products */ = {
			isa = PBXGroup;
			children = (
				5C89D2AA26D926900033C9FF /* Poor.app */,
				5C89D2C026D926900033C9FF /* PoorTests.xctest */,
				5C89D2CB26D926900033C9FF /* PoorUITests.xctest */,
			);
			name = Products;
			sourceTree = "<group>";
		};
		5C89D2AC26D926900033C9FF /* Poor */ = {
			isa = PBXGroup;
			children = (
				5C89D2AD26D926900033C9FF /* AppDelegate.swift */,
				5C89D2AF26D926900033C9FF /* SceneDelegate.swift */,
				5C89D2B126D926900033C9FF /* ViewController.swift */,
				5C89D2B326D926900033C9FF /* Main.storyboard */,
				5C89D2B626D926900033C9FF /* Assets.xcassets */,
				5C89D2B826D926900033C9FF /* LaunchScreen.storyboard */,
				5C89D2BB26D926900033C9FF /* Info.plist */,
			);
			path = Poor;
			sourceTree = "<group>";
		};
		5C89D2C326D926900033C9FF /* PoorTests */ = {
			isa = PBXGroup;
			children = (
				5C89D2C426D926900033C9FF /* PoorTests.swift */,
				5C89D2C626D926900033C9FF /* Info.plist */,
			);
			path = PoorTests;
			sourceTree = "<group>";
		};
		5C89D2CE26D926900033C9FF /* PoorUITests */ = {
			isa = PBXGroup;
			children = (
				5C89D2CF26D926900033C9FF /* PoorUITests.swift */,
				5C89D2D126D926900033C9FF /* Info.plist */,
			);
			path = PoorUITests;
			sourceTree = "<group>";
		};
/* End PBXGroup section */

/* Begin PBXNativeTarget section */
		5C89D2A926D926900033C9FF /* Poor */ = {
			isa = PBXNativeTarget;
			buildConfigurationList = 5C89D2D426D926900033C9FF /* Build configuration list for PBXNativeTarget "Poor" */;
			buildPhases = (
				5C89D2A626D926900033C9FF /* Sources */,
				5C89D2A726D926900033C9FF /* Frameworks */,
				5C89D2A826D926900033C9FF /* Resources */,
			);
			buildRules = (
			);
			dependencies = (
			);
			name = Poor;
			productName = Poor;
			productReference = 5C89D2AA26D926900033C9FF /* Poor.app */;
			productType = "com.apple.product-type.application";
		};
		5C89D2BF26D926900033C9FF /* PoorTests */ = {
			isa = PBXNativeTarget;
			buildConfigurationList = 5C89D2D726D926900033C9FF /* Build configuration list for PBXNativeTarget "PoorTests" */;
			buildPhases = (
				5C89D2BC26D926900033C9FF /* Sources */,
				5C89D2BD26D926900033C9FF /* Frameworks */,
				5C89D2BE26D926900033C9FF /* Resources */,
			);
			buildRules = (
			);
			dependencies = (
				5C89D2C226D926900033C9FF /* PBXTargetDependency */,
			);
			name = PoorTests;
			productName = PoorTests;
			productReference = 5C89D2C026D926900033C9FF /* PoorTests.xctest */;
			productType = "com.apple.product-type.bundle.unit-test";
		};
		5C89D2CA26D926900033C9FF /* PoorUITests */ = {
			isa = PBXNativeTarget;
			buildConfigurationList = 5C89D2DA26D926900033C9FF /* Build configuration list for PBXNativeTarget "PoorUITests" */;
			buildPhases = (
				5C89D2C726D926900033C9FF /* Sources */,
				5C89D2C826D926900033C9FF /* Frameworks */,
				5C89D2C926D926900033C9FF /* Resources */,
			);
			buildRules = (
			);
			dependencies = (
				5C89D2CD26D926900033C9FF /* PBXTargetDependency */,
			);
			name = PoorUITests;
			productName = PoorUITests;
			productReference = 5C89D2CB26D926900033C9FF /* PoorUITests.xctest */;
			productType = "com.apple.product-type.bundle.ui-testing";
		};
/* End PBXNativeTarget section */

/* Begin PBXProject section */
		5C89D2A226D9268F0033C9FF /* Project object */ = {
			isa = PBXProject;
			attributes = {
				LastSwiftUpdateCheck = 1240;
				LastUpgradeCheck = 1240;
				TargetAttributes = {
					5C89D2A926D926900033C9FF = {
						CreatedOnToolsVersion = 12.4;
					};
					5C89D2BF26D926900033C9FF = {
						CreatedOnToolsVersion = 12.4;
						TestTargetID = 5C89D2A926D926900033C9FF;
					};
					5C89D2CA26D926900033C9FF = {
						CreatedOnToolsVersion = 12.4;
						TestTargetID = 5C89D2A926D926900033C9FF;
					};
				};
			};
			buildConfigurationList = 5C89D2A526D9268F0033C9FF /* Build configuration list for PBXProject "Poor" */;
			compatibilityVersion = "Xcode 9.3";
			developmentRegion = en;
			hasScannedForEncodings = 0;
			knownRegions = (
				en,
				Base,
			);
			mainGroup = 5C89D2A126D9268F0033C9FF;
			productRefGroup = 5C89D2AB26D926900033C9FF /* Products */;
			projectDirPath = "";
			projectRoot = "";
			targets = (
				5C89D2A926D926900033C9FF /* Poor */,
				5C89D2BF26D926900033C9FF /* PoorTests */,
				5C89D2CA26D926900033C9FF /* PoorUITests */,
			);
		};
/* End PBXProject section */

/* Begin PBXResourcesBuildPhase section */
		5C89D2A826D926900033C9FF /* Resources */ = {
			isa = PBXResourcesBuildPhase;
			buildActionMask = 2147483647;
			files = (
				5C89D2BA26D926900033C9FF /* LaunchScreen.storyboard in Resources */,
				5C89D2B726D926900033C9FF /* Assets.xcassets in Resources */,
				5C89D2B526D926900033C9FF /* Main.storyboard in Resources */,
			);
			runOnlyForDeploymentPostprocessing = 0;
		};
		5C89D2BE26D926900033C9FF /* Resources */ = {
			isa = PBXResourcesBuildPhase;
			buildActionMask = 2147483647;
			files = (
			);
			runOnlyForDeploymentPostprocessing = 0;
		};
		5C89D2C926D926900033C9FF /* Resources */ = {
			isa = PBXResourcesBuildPhase;
			buildActionMask = 2147483647;
			files = (
			);
			runOnlyForDeploymentPostprocessing = 0;
		};
/* End PBXResourcesBuildPhase section */

/* Begin PBXSourcesBuildPhase section */
		5C89D2A626D926900033C9FF /* Sources */ = {
			isa = PBXSourcesBuildPhase;
			buildActionMask = 2147483647;
			files = (
				5C89D2B226D926900033C9FF /* ViewController.swift in Sources */,
				5C89D2AE26D926900033C9FF /* AppDelegate.swift in Sources */,
				5C89D2B026D926900033C9FF /* SceneDelegate.swift in Sources */,
			);
			runOnlyForDeploymentPostprocessing = 0;
		};
		5C89D2BC26D926900033C9FF /* Sources */ = {
			isa = PBXSourcesBuildPhase;
			buildActionMask = 2147483647;
			files = (
				5C89D2C526D926900033C9FF /* PoorTests.swift in Sources */,
			);
			runOnlyForDeploymentPostprocessing = 0;
		};
		5C89D2C726D926900033C9FF /* Sources */ = {
			isa = PBXSourcesBuildPhase;
			buildActionMask = 2147483647;
			files = (
				5C89D2D026D926900033C9FF /* PoorUITests.swift in Sources */,
			);
			runOnlyForDeploymentPostprocessing = 0;
		};
/* End PBXSourcesBuildPhase section */

/* Begin PBXTargetDependency section */
		5C89D2C226D926900033C9FF /* PBXTargetDependency */ = {
			isa = PBXTargetDependency;
			target = 5C89D2A926D926900033C9FF /* Poor */;
			targetProxy = 5C89D2C126D926900033C9FF /* PBXContainerItemProxy */;
		};
		5C89D2CD26D926900033C9FF /* PBXTargetDependency */ = {
			isa = PBXTargetDependency;
			target = 5C89D2A926D926900033C9FF /* Poor */;
			targetProxy = 5C89D2CC26D926900033C9FF /* PBXContainerItemProxy */;
		};
/* End PBXTargetDependency section */

/* Begin PBXVariantGroup section */
		5C89D2B326D926900033C9FF /* Main.storyboard */ = {
			isa = PBXVariantGroup;
			children = (
				5C89D2B426D926900033C9FF /* Base */,
			);
			name = Main.storyboard;
			sourceTree = "<group>";
		};
		5C89D2B826D926900033C9FF /* LaunchScreen.storyboard */ = {
			isa = PBXVariantGroup;
			children = (
				5C89D2B926D926900033C9FF /* Base */,
			);
			name = LaunchScreen.storyboard;
			sourceTree = "<group>";
		};
/* End PBXVariantGroup section */

/* Begin XCBuildConfiguration section */
		5C89D2D226D926900033C9FF /* Debug */ = {
			isa = XCBuildConfiguration;
			buildSettings = {
				ALWAYS_SEARCH_USER_PATHS = NO;
				CLANG_ANALYZER_NONNULL = YES;
				CLANG_ANALYZER_NUMBER_OBJECT_CONVERSION = YES_AGGRESSIVE;
				CLANG_CXX_LANGUAGE_STANDARD = "gnu++14";
				CLANG_CXX_LIBRARY = "libc++";
				CLANG_ENABLE_MODULES = YES;
				CLANG_ENABLE_OBJC_ARC = YES;
				CLANG_ENABLE_OBJC_WEAK = YES;
				CLANG_WARN_BLOCK_CAPTURE_AUTORELEASING = YES;
				CLANG_WARN_BOOL_CONVERSION = YES;
				CLANG_WARN_COMMA = YES;
				CLANG_WARN_CONSTANT_CONVERSION = YES;
				CLANG_WARN_DEPRECATED_OBJC_IMPLEMENTATIONS = YES;
				CLANG_WARN_DIRECT_OBJC_ISA_USAGE = YES_ERROR;
				CLANG_WARN_DOCUMENTATION_COMMENTS = YES;
				CLANG_WARN_EMPTY_BODY = YES;
				CLANG_WARN_ENUM_CONVERSION = YES;
				CLANG_WARN_INFINITE_RECURSION = YES;
				CLANG_WARN_INT_CONVERSION = YES;
				CLANG_WARN_NON_LITERAL_NULL_CONVERSION = YES;
				CLANG_WARN_OBJC_IMPLICIT_RETAIN_SELF = YES;
				CLANG_WARN_OBJC_LITERAL_CONVERSION = YES;
				CLANG_WARN_OBJC_ROOT_CLASS = YES_ERROR;
				CLANG_WARN_QUOTED_INCLUDE_IN_FRAMEWORK_HEADER = YES;
				CLANG_WARN_RANGE_LOOP_ANALYSIS = YES;
				CLANG_WARN_STRICT_PROTOTYPES = YES;
				CLANG_WARN_SUSPICIOUS_MOVE = YES;
				CLANG_WARN_UNGUARDED_AVAILABILITY = YES_AGGRESSIVE;
				CLANG_WARN_UNREACHABLE_CODE = YES;
				CLANG_WARN__DUPLICATE_METHOD_MATCH = YES;
				COPY_PHASE_STRIP = NO;
				DEBUG_INFORMATION_FORMAT = dwarf;
				ENABLE_STRICT_OBJC_MSGSEND = YES;
				ENABLE_TESTABILITY = YES;
				GCC_C_LANGUAGE_STANDARD = gnu11;
				GCC_DYNAMIC_NO_PIC = NO;
				GCC_NO_COMMON_BLOCKS = YES;
				GCC_OPTIMIZATION_LEVEL = 0;
				GCC_PREPROCESSOR_DEFINITIONS = (
					"DEBUG=1",
					"$(inherited)",
				);
				GCC_WARN_64_TO_32_BIT_CONVERSION = YES;
				GCC_WARN_ABOUT_RETURN_TYPE = YES_ERROR;
				GCC_WARN_UNDECLARED_SELECTOR = YES;
				GCC_WARN_UNINITIALIZED_AUTOS = YES_AGGRESSIVE;
				GCC_WARN_UNUSED_FUNCTION = YES;
				GCC_WARN_UNUSED_VARIABLE = YES;
				IPHONEOS_DEPLOYMENT_TARGET = 14.4;
				MTL_ENABLE_DEBUG_INFO = INCLUDE_SOURCE;
				MTL_FAST_MATH = YES;
				ONLY_ACTIVE_ARCH = YES;
				SDKROOT = iphoneos;
				SWIFT_ACTIVE_COMPILATION_CONDITIONS = DEBUG;
				SWIFT_OPTIMIZATION_LEVEL = "-Onone";
			};
			name = Debug;
		};
		5C89D2D326D926900033C9FF /* Release */ = {
			isa = XCBuildConfiguration;
			buildSettings = {
				ALWAYS_SEARCH_USER_PATHS = NO;
				CLANG_ANALYZER_NONNULL = YES;
				CLANG_ANALYZER_NUMBER_OBJECT_CONVERSION = YES_AGGRESSIVE;
				CLANG_CXX_LANGUAGE_STANDARD = "gnu++14";
				CLANG_CXX_LIBRARY = "libc++";
				CLANG_ENABLE_MODULES = YES;
				CLANG_ENABLE_OBJC_ARC = YES;
				CLANG_ENABLE_OBJC_WEAK = YES;
				CLANG_WARN_BLOCK_CAPTURE_AUTORELEASING = YES;
				CLANG_WARN_BOOL_CONVERSION = YES;
				CLANG_WARN_COMMA = YES;
				CLANG_WARN_CONSTANT_CONVERSION = YES;
				CLANG_WARN_DEPRECATED_OBJC_IMPLEMENTATIONS = YES;
				CLANG_WARN_DIRECT_OBJC_ISA_USAGE = YES_ERROR;
				CLANG_WARN_DOCUMENTATION_COMMENTS = YES;
				CLANG_WARN_EMPTY_BODY = YES;
				CLANG_WARN_ENUM_CONVERSION = YES;
				CLANG_WARN_INFINITE_RECURSION = YES;
				CLANG_WARN_INT_CONVERSION = YES;
				CLANG_WARN_NON_LITERAL_NULL_CONVERSION = YES;
				CLANG_WARN_OBJC_IMPLICIT_RETAIN_SELF = YES;
				CLANG_WARN_OBJC_LITERAL_CONVERSION = YES;
				CLANG_WARN_OBJC_ROOT_CLASS = YES_ERROR;
				CLANG_WARN_QUOTED_INCLUDE_IN_FRAMEWORK_HEADER = YES;
				CLANG_WARN_RANGE_LOOP_ANALYSIS = YES;
				CLANG_WARN_STRICT_PROTOTYPES = YES;
				CLANG_WARN_SUSPICIOUS_MOVE = YES;
				CLANG_WARN_UNGUARDED_AVAILABILITY = YES_AGGRESSIVE;
				CLANG_WARN_UNREACHABLE_CODE = YES;
				CLANG_WARN__DUPLICATE_METHOD_MATCH = YES;
				COPY_PHASE_STRIP = NO;
				DEBUG_INFORMATION_FORMAT = "dwarf-with-dsym";
				ENABLE_NS_ASSERTIONS = NO;
				ENABLE_STRICT_OBJC_MSGSEND = YES;
				GCC_C_LANGUAGE_STANDARD = gnu11;
				GCC_NO_COMMON_BLOCKS = YES;
				GCC_WARN_64_TO_32_BIT_CONVERSION = YES;
				GCC_WARN_ABOUT_RETURN_TYPE = YES_ERROR;
				GCC_WARN_UNDECLARED_SELECTOR = YES;
				GCC_WARN_UNINITIALIZED_AUTOS = YES_AGGRESSIVE;
				GCC_WARN_UNUSED_FUNCTION = YES;
				GCC_WARN_UNUSED_VARIABLE = YES;
				IPHONEOS_DEPLOYMENT_TARGET = 14.4;
				MTL_ENABLE_DEBUG_INFO = NO;
				MTL_FAST_MATH = YES;
				SDKROOT = iphoneos;
				SWIFT_COMPILATION_MODE = wholemodule;
				SWIFT_OPTIMIZATION_LEVEL = "-O";
				VALIDATE_PRODUCT = YES;
			};
			name = Release;
		};
		5C89D2D526D926900033C9FF /* Debug */ = {
			isa = XCBuildConfiguration;
			buildSettings = {
				ASSETCATALOG_COMPILER_APPICON_NAME = AppIcon;
				ASSETCATALOG_COMPILER_GLOBAL_ACCENT_COLOR_NAME = AccentColor;
				CODE_SIGN_STYLE = Automatic;
				INFOPLIST_FILE = Poor/Info.plist;
				LD_RUNPATH_SEARCH_PATHS = (
					"$(inherited)",
					"@executable_path/Frameworks",
				);
				PRODUCT_BUNDLE_IDENTIFIER = raghav.mobileApp.Poor;
				PRODUCT_NAME = "$(TARGET_NAME)";
				SWIFT_VERSION = 5.0;
				TARGETED_DEVICE_FAMILY = "1,2";
			};
			name = Debug;
		};
		5C89D2D626D926900033C9FF /* Release */ = {
			isa = XCBuildConfiguration;
			buildSettings = {
				ASSETCATALOG_COMPILER_APPICON_NAME = AppIcon;
				ASSETCATALOG_COMPILER_GLOBAL_ACCENT_COLOR_NAME = AccentColor;
				CODE_SIGN_STYLE = Automatic;
				INFOPLIST_FILE = Poor/Info.plist;
				LD_RUNPATH_SEARCH_PATHS = (
					"$(inherited)",
					"@executable_path/Frameworks",
				);
				PRODUCT_BUNDLE_IDENTIFIER = raghav.mobileApp.Poor;
				PRODUCT_NAME = "$(TARGET_NAME)";
				SWIFT_VERSION = 5.0;
				TARGETED_DEVICE_FAMILY = "1,2";
			};
			name = Release;
		};
		5C89D2D826D926900033C9FF /* Debug */ = {
			isa = XCBuildConfiguration;
			buildSettings = {
				ALWAYS_EMBED_SWIFT_STANDARD_LIBRARIES = YES;
				BUNDLE_LOADER = "$(TEST_HOST)";
				CODE_SIGN_STYLE = Automatic;
				INFOPLIST_FILE = PoorTests/Info.plist;
				IPHONEOS_DEPLOYMENT_TARGET = 14.4;
				LD_RUNPATH_SEARCH_PATHS = (
					"$(inherited)",
					"@executable_path/Frameworks",
					"@loader_path/Frameworks",
				);
				PRODUCT_BUNDLE_IDENTIFIER = raghav.mobileApp.PoorTests;
				PRODUCT_NAME = "$(TARGET_NAME)";
				SWIFT_VERSION = 5.0;
				TARGETED_DEVICE_FAMILY = "1,2";
				TEST_HOST = "$(BUILT_PRODUCTS_DIR)/Poor.app/Poor";
			};
			name = Debug;
		};
		5C89D2D926D926900033C9FF /* Release */ = {
			isa = XCBuildConfiguration;
			buildSettings = {
				ALWAYS_EMBED_SWIFT_STANDARD_LIBRARIES = YES;
				BUNDLE_LOADER = "$(TEST_HOST)";
				CODE_SIGN_STYLE = Automatic;
				INFOPLIST_FILE = PoorTests/Info.plist;
				IPHONEOS_DEPLOYMENT_TARGET = 14.4;
				LD_RUNPATH_SEARCH_PATHS = (
					"$(inherited)",
					"@executable_path/Frameworks",
					"@loader_path/Frameworks",
				);
				PRODUCT_BUNDLE_IDENTIFIER = raghav.mobileApp.PoorTests;
				PRODUCT_NAME = "$(TARGET_NAME)";
				SWIFT_VERSION = 5.0;
				TARGETED_DEVICE_FAMILY = "1,2";
				TEST_HOST = "$(BUILT_PRODUCTS_DIR)/Poor.app/Poor";
			};
			name = Release;
		};
		5C89D2DB26D926900033C9FF /* Debug */ = {
			isa = XCBuildConfiguration;
			buildSettings = {
				ALWAYS_EMBED_SWIFT_STANDARD_LIBRARIES = YES;
				CODE_SIGN_STYLE = Automatic;
				INFOPLIST_FILE = PoorUITests/Info.plist;
				LD_RUNPATH_SEARCH_PATHS = (
					"$(inherited)",
					"@executable_path/Frameworks",
					"@loader_path/Frameworks",
				);
				PRODUCT_BUNDLE_IDENTIFIER = raghav.mobileApp.PoorUITests;
				PRODUCT_NAME = "$(TARGET_NAME)";
				SWIFT_VERSION = 5.0;
				TARGETED_DEVICE_FAMILY = "1,2";
				TEST_TARGET_NAME = Poor;
			};
			name = Debug;
		};
		5C89D2DC26D926900033C9FF /* Release */ = {
			isa = XCBuildConfiguration;
			buildSettings = {
				ALWAYS_EMBED_SWIFT_STANDARD_LIBRARIES = YES;
				CODE_SIGN_STYLE = Automatic;
				INFOPLIST_FILE = PoorUITests/Info.plist;
				LD_RUNPATH_SEARCH_PATHS = (
					"$(inherited)",
					"@executable_path/Frameworks",
					"@loader_path/Frameworks",
				);
				PRODUCT_BUNDLE_IDENTIFIER = raghav.mobileApp.PoorUITests;
				PRODUCT_NAME = "$(TARGET_NAME)";
				SWIFT_VERSION = 5.0;
				TARGETED_DEVICE_FAMILY = "1,2";
				TEST_TARGET_NAME = Poor;
			};
			name = Release;
		};
/* End XCBuildConfiguration section */

/* Begin XCConfigurationList section */
		5C89D2A526D9268F0033C9FF /* Build configuration list for PBXProject "Poor" */ = {
			isa = XCConfigurationList;
			buildConfigurations = (
				5C89D2D226D926900033C9FF /* Debug */,
				5C89D2D326D926900033C9FF /* Release */,
			);
			defaultConfigurationIsVisible = 0;
			defaultConfigurationName = Release;
		};
		5C89D2D426D926900033C9FF /* Build configuration list for PBXNativeTarget "Poor" */ = {
			isa = XCConfigurationList;
			buildConfigurations = (
				5C89D2D526D926900033C9FF /* Debug */,
				5C89D2D626D926900033C9FF /* Release */,
			);
			defaultConfigurationIsVisible = 0;
			defaultConfigurationName = Release;
		};
		5C89D2D726D926900033C9FF /* Build configuration list for PBXNativeTarget "PoorTests" */ = {
			isa = XCConfigurationList;
			buildConfigurations = (
				5C89D2D826D926900033C9FF /* Debug */,
				5C89D2D926D926900033C9FF /* Release */,
			);
			defaultConfigurationIsVisible = 0;
			defaultConfigurationName = Release;
		};
		5C89D2DA26D926900033C9FF /* Build configuration list for PBXNativeTarget "PoorUITests" */ = {
			isa = XCConfigurationList;
			buildConfigurations = (
				5C89D2DB26D926900033C9FF /* Debug */,
				5C89D2DC26D926900033C9FF /* Release */,
			);
			defaultConfigurationIsVisible = 0;
			defaultConfigurationName = Release;
		};
/* End XCConfigurationList section */
	};
	rootObject = 5C89D2A226D9268F0033C9FF /* Project object */;
}
