// !$*UTF8*$!
{
	archiveVersion = 1;
	classes = {
	};
	objectVersion = 50;
	objects = {

/* Begin PBXBuildFile section */
		5C17479B27E2244B0063284B /* Sounds in Resources */ = {isa = PBXBuildFile; fileRef = 5C17479A27E2244B0063284B /* Sounds */; };
		5C1747AB27E22CEF0063284B /* Images in Resources */ = {isa = PBXBuildFile; fileRef = 5C1747AA27E22CEF0063284B /* Images */; };
		5C1747B027E236B70063284B /* AudioViewController.swift in Sources */ = {isa = PBXBuildFile; fileRef = 5C1747AF27E236B70063284B /* AudioViewController.swift */; };
		5CF29E0527DF8DF20021A3C8 /* AppDelegate.swift in Sources */ = {isa = PBXBuildFile; fileRef = 5CF29E0427DF8DF20021A3C8 /* AppDelegate.swift */; };
		5CF29E0727DF8DF20021A3C8 /* SceneDelegate.swift in Sources */ = {isa = PBXBuildFile; fileRef = 5CF29E0627DF8DF20021A3C8 /* SceneDelegate.swift */; };
		5CF29E0927DF8DF20021A3C8 /* ViewController.swift in Sources */ = {isa = PBXBuildFile; fileRef = 5CF29E0827DF8DF20021A3C8 /* ViewController.swift */; };
		5CF29E0C27DF8DF20021A3C8 /* Main.storyboard in Resources */ = {isa = PBXBuildFile; fileRef = 5CF29E0A27DF8DF20021A3C8 /* Main.storyboard */; };
		5CF29E0E27DF8DF30021A3C8 /* Assets.xcassets in Resources */ = {isa = PBXBuildFile; fileRef = 5CF29E0D27DF8DF30021A3C8 /* Assets.xcassets */; };
		5CF29E1127DF8DF30021A3C8 /* LaunchScreen.storyboard in Resources */ = {isa = PBXBuildFile; fileRef = 5CF29E0F27DF8DF30021A3C8 /* LaunchScreen.storyboard */; };
		5CF29E1C27DF8DF30021A3C8 /* CaptchaTests.swift in Sources */ = {isa = PBXBuildFile; fileRef = 5CF29E1B27DF8DF30021A3C8 /* CaptchaTests.swift */; };
		5CF29E2727DF8DF30021A3C8 /* CaptchaUITests.swift in Sources */ = {isa = PBXBuildFile; fileRef = 5CF29E2627DF8DF30021A3C8 /* CaptchaUITests.swift */; };
		5CF29E3D27DF8EAC0021A3C8 /* CaptchaImageView.swift in Sources */ = {isa = PBXBuildFile; fileRef = 5CF29E3C27DF8EAC0021A3C8 /* CaptchaImageView.swift */; };
/* End PBXBuildFile section */

/* Begin PBXContainerItemProxy section */
		5CF29E1827DF8DF30021A3C8 /* PBXContainerItemProxy */ = {
			isa = PBXContainerItemProxy;
			containerPortal = 5CF29DF927DF8DF20021A3C8 /* Project object */;
			proxyType = 1;
			remoteGlobalIDString = 5CF29E0027DF8DF20021A3C8;
			remoteInfo = Captcha;
		};
		5CF29E2327DF8DF30021A3C8 /* PBXContainerItemProxy */ = {
			isa = PBXContainerItemProxy;
			containerPortal = 5CF29DF927DF8DF20021A3C8 /* Project object */;
			proxyType = 1;
			remoteGlobalIDString = 5CF29E0027DF8DF20021A3C8;
			remoteInfo = Captcha;
		};
/* End PBXContainerItemProxy section */

/* Begin PBXFileReference section */
		5C17479A27E2244B0063284B /* Sounds */ = {isa = PBXFileReference; lastKnownFileType = folder; name = Sounds; path = "../../../../../../Downloads/Captcha files/Sounds"; sourceTree = "<group>"; };
		5C1747AA27E22CEF0063284B /* Images */ = {isa = PBXFileReference; lastKnownFileType = folder; name = Images; path = "../../../../../../Downloads/Captcha files 2/Images"; sourceTree = "<group>"; };
		5C1747AF27E236B70063284B /* AudioViewController.swift */ = {isa = PBXFileReference; lastKnownFileType = sourcecode.swift; path = AudioViewController.swift; sourceTree = "<group>"; };
		5CF29E0127DF8DF20021A3C8 /* Captcha.app */ = {isa = PBXFileReference; explicitFileType = wrapper.application; includeInIndex = 0; path = Captcha.app; sourceTree = BUILT_PRODUCTS_DIR; };
		5CF29E0427DF8DF20021A3C8 /* AppDelegate.swift */ = {isa = PBXFileReference; lastKnownFileType = sourcecode.swift; path = AppDelegate.swift; sourceTree = "<group>"; };
		5CF29E0627DF8DF20021A3C8 /* SceneDelegate.swift */ = {isa = PBXFileReference; lastKnownFileType = sourcecode.swift; path = SceneDelegate.swift; sourceTree = "<group>"; };
		5CF29E0827DF8DF20021A3C8 /* ViewController.swift */ = {isa = PBXFileReference; lastKnownFileType = sourcecode.swift; path = ViewController.swift; sourceTree = "<group>"; };
		5CF29E0B27DF8DF20021A3C8 /* Base */ = {isa = PBXFileReference; lastKnownFileType = file.storyboard; name = Base; path = Base.lproj/Main.storyboard; sourceTree = "<group>"; };
		5CF29E0D27DF8DF30021A3C8 /* Assets.xcassets */ = {isa = PBXFileReference; lastKnownFileType = folder.assetcatalog; path = Assets.xcassets; sourceTree = "<group>"; };
		5CF29E1027DF8DF30021A3C8 /* Base */ = {isa = PBXFileReference; lastKnownFileType = file.storyboard; name = Base; path = Base.lproj/LaunchScreen.storyboard; sourceTree = "<group>"; };
		5CF29E1227DF8DF30021A3C8 /* Info.plist */ = {isa = PBXFileReference; lastKnownFileType = text.plist.xml; path = Info.plist; sourceTree = "<group>"; };
		5CF29E1727DF8DF30021A3C8 /* CaptchaTests.xctest */ = {isa = PBXFileReference; explicitFileType = wrapper.cfbundle; includeInIndex = 0; path = CaptchaTests.xctest; sourceTree = BUILT_PRODUCTS_DIR; };
		5CF29E1B27DF8DF30021A3C8 /* CaptchaTests.swift */ = {isa = PBXFileReference; lastKnownFileType = sourcecode.swift; path = CaptchaTests.swift; sourceTree = "<group>"; };
		5CF29E1D27DF8DF30021A3C8 /* Info.plist */ = {isa = PBXFileReference; lastKnownFileType = text.plist.xml; path = Info.plist; sourceTree = "<group>"; };
		5CF29E2227DF8DF30021A3C8 /* CaptchaUITests.xctest */ = {isa = PBXFileReference; explicitFileType = wrapper.cfbundle; includeInIndex = 0; path = CaptchaUITests.xctest; sourceTree = BUILT_PRODUCTS_DIR; };
		5CF29E2627DF8DF30021A3C8 /* CaptchaUITests.swift */ = {isa = PBXFileReference; lastKnownFileType = sourcecode.swift; path = CaptchaUITests.swift; sourceTree = "<group>"; };
		5CF29E2827DF8DF30021A3C8 /* Info.plist */ = {isa = PBXFileReference; lastKnownFileType = text.plist.xml; path = Info.plist; sourceTree = "<group>"; };
		5CF29E3C27DF8EAC0021A3C8 /* CaptchaImageView.swift */ = {isa = PBXFileReference; lastKnownFileType = sourcecode.swift; path = CaptchaImageView.swift; sourceTree = "<group>"; };
/* End PBXFileReference section */

/* Begin PBXFrameworksBuildPhase section */
		5CF29DFE27DF8DF20021A3C8 /* Frameworks */ = {
			isa = PBXFrameworksBuildPhase;
			buildActionMask = 2147483647;
			files = (
			);
			runOnlyForDeploymentPostprocessing = 0;
		};
		5CF29E1427DF8DF30021A3C8 /* Frameworks */ = {
			isa = PBXFrameworksBuildPhase;
			buildActionMask = 2147483647;
			files = (
			);
			runOnlyForDeploymentPostprocessing = 0;
		};
		5CF29E1F27DF8DF30021A3C8 /* Frameworks */ = {
			isa = PBXFrameworksBuildPhase;
			buildActionMask = 2147483647;
			files = (
			);
			runOnlyForDeploymentPostprocessing = 0;
		};
/* End PBXFrameworksBuildPhase section */

/* Begin PBXGroup section */
		5CF29DF827DF8DF20021A3C8 = {
			isa = PBXGroup;
			children = (
				5CF29E0327DF8DF20021A3C8 /* Captcha */,
				5CF29E1A27DF8DF30021A3C8 /* CaptchaTests */,
				5CF29E2527DF8DF30021A3C8 /* CaptchaUITests */,
				5CF29E0227DF8DF20021A3C8 /* Products */,
			);
			sourceTree = "<group>";
		};
		5CF29E0227DF8DF20021A3C8 /* Products */ = {
			isa = PBXGroup;
			children = (
				5CF29E0127DF8DF20021A3C8 /* Captcha.app */,
				5CF29E1727DF8DF30021A3C8 /* CaptchaTests.xctest */,
				5CF29E2227DF8DF30021A3C8 /* CaptchaUITests.xctest */,
			);
			name = Products;
			sourceTree = "<group>";
		};
		5CF29E0327DF8DF20021A3C8 /* Captcha */ = {
			isa = PBXGroup;
			children = (
				5C1747AA27E22CEF0063284B /* Images */,
				5C17479A27E2244B0063284B /* Sounds */,
				5CF29E0427DF8DF20021A3C8 /* AppDelegate.swift */,
				5CF29E0627DF8DF20021A3C8 /* SceneDelegate.swift */,
				5CF29E0827DF8DF20021A3C8 /* ViewController.swift */,
				5CF29E0A27DF8DF20021A3C8 /* Main.storyboard */,
				5CF29E0D27DF8DF30021A3C8 /* Assets.xcassets */,
				5CF29E0F27DF8DF30021A3C8 /* LaunchScreen.storyboard */,
				5CF29E1227DF8DF30021A3C8 /* Info.plist */,
				5CF29E3C27DF8EAC0021A3C8 /* CaptchaImageView.swift */,
				5C1747AF27E236B70063284B /* AudioViewController.swift */,
			);
			path = Captcha;
			sourceTree = "<group>";
		};
		5CF29E1A27DF8DF30021A3C8 /* CaptchaTests */ = {
			isa = PBXGroup;
			children = (
				5CF29E1B27DF8DF30021A3C8 /* CaptchaTests.swift */,
				5CF29E1D27DF8DF30021A3C8 /* Info.plist */,
			);
			path = CaptchaTests;
			sourceTree = "<group>";
		};
		5CF29E2527DF8DF30021A3C8 /* CaptchaUITests */ = {
			isa = PBXGroup;
			children = (
				5CF29E2627DF8DF30021A3C8 /* CaptchaUITests.swift */,
				5CF29E2827DF8DF30021A3C8 /* Info.plist */,
			);
			path = CaptchaUITests;
			sourceTree = "<group>";
		};
/* End PBXGroup section */

/* Begin PBXNativeTarget section */
		5CF29E0027DF8DF20021A3C8 /* Captcha */ = {
			isa = PBXNativeTarget;
			buildConfigurationList = 5CF29E2B27DF8DF30021A3C8 /* Build configuration list for PBXNativeTarget "Captcha" */;
			buildPhases = (
				5CF29DFD27DF8DF20021A3C8 /* Sources */,
				5CF29DFE27DF8DF20021A3C8 /* Frameworks */,
				5CF29DFF27DF8DF20021A3C8 /* Resources */,
			);
			buildRules = (
			);
			dependencies = (
			);
			name = Captcha;
			productName = Captcha;
			productReference = 5CF29E0127DF8DF20021A3C8 /* Captcha.app */;
			productType = "com.apple.product-type.application";
		};
		5CF29E1627DF8DF30021A3C8 /* CaptchaTests */ = {
			isa = PBXNativeTarget;
			buildConfigurationList = 5CF29E2E27DF8DF30021A3C8 /* Build configuration list for PBXNativeTarget "CaptchaTests" */;
			buildPhases = (
				5CF29E1327DF8DF30021A3C8 /* Sources */,
				5CF29E1427DF8DF30021A3C8 /* Frameworks */,
				5CF29E1527DF8DF30021A3C8 /* Resources */,
			);
			buildRules = (
			);
			dependencies = (
				5CF29E1927DF8DF30021A3C8 /* PBXTargetDependency */,
			);
			name = CaptchaTests;
			productName = CaptchaTests;
			productReference = 5CF29E1727DF8DF30021A3C8 /* CaptchaTests.xctest */;
			productType = "com.apple.product-type.bundle.unit-test";
		};
		5CF29E2127DF8DF30021A3C8 /* CaptchaUITests */ = {
			isa = PBXNativeTarget;
			buildConfigurationList = 5CF29E3127DF8DF30021A3C8 /* Build configuration list for PBXNativeTarget "CaptchaUITests" */;
			buildPhases = (
				5CF29E1E27DF8DF30021A3C8 /* Sources */,
				5CF29E1F27DF8DF30021A3C8 /* Frameworks */,
				5CF29E2027DF8DF30021A3C8 /* Resources */,
			);
			buildRules = (
			);
			dependencies = (
				5CF29E2427DF8DF30021A3C8 /* PBXTargetDependency */,
			);
			name = CaptchaUITests;
			productName = CaptchaUITests;
			productReference = 5CF29E2227DF8DF30021A3C8 /* CaptchaUITests.xctest */;
			productType = "com.apple.product-type.bundle.ui-testing";
		};
/* End PBXNativeTarget section */

/* Begin PBXProject section */
		5CF29DF927DF8DF20021A3C8 /* Project object */ = {
			isa = PBXProject;
			attributes = {
				LastSwiftUpdateCheck = 1240;
				LastUpgradeCheck = 1240;
				TargetAttributes = {
					5CF29E0027DF8DF20021A3C8 = {
						CreatedOnToolsVersion = 12.4;
					};
					5CF29E1627DF8DF30021A3C8 = {
						CreatedOnToolsVersion = 12.4;
						TestTargetID = 5CF29E0027DF8DF20021A3C8;
					};
					5CF29E2127DF8DF30021A3C8 = {
						CreatedOnToolsVersion = 12.4;
						TestTargetID = 5CF29E0027DF8DF20021A3C8;
					};
				};
			};
			buildConfigurationList = 5CF29DFC27DF8DF20021A3C8 /* Build configuration list for PBXProject "Captcha" */;
			compatibilityVersion = "Xcode 9.3";
			developmentRegion = en;
			hasScannedForEncodings = 0;
			knownRegions = (
				en,
				Base,
			);
			mainGroup = 5CF29DF827DF8DF20021A3C8;
			productRefGroup = 5CF29E0227DF8DF20021A3C8 /* Products */;
			projectDirPath = "";
			projectRoot = "";
			targets = (
				5CF29E0027DF8DF20021A3C8 /* Captcha */,
				5CF29E1627DF8DF30021A3C8 /* CaptchaTests */,
				5CF29E2127DF8DF30021A3C8 /* CaptchaUITests */,
			);
		};
/* End PBXProject section */

/* Begin PBXResourcesBuildPhase section */
		5CF29DFF27DF8DF20021A3C8 /* Resources */ = {
			isa = PBXResourcesBuildPhase;
			buildActionMask = 2147483647;
			files = (
				5C1747AB27E22CEF0063284B /* Images in Resources */,
				5C17479B27E2244B0063284B /* Sounds in Resources */,
				5CF29E1127DF8DF30021A3C8 /* LaunchScreen.storyboard in Resources */,
				5CF29E0E27DF8DF30021A3C8 /* Assets.xcassets in Resources */,
				5CF29E0C27DF8DF20021A3C8 /* Main.storyboard in Resources */,
			);
			runOnlyForDeploymentPostprocessing = 0;
		};
		5CF29E1527DF8DF30021A3C8 /* Resources */ = {
			isa = PBXResourcesBuildPhase;
			buildActionMask = 2147483647;
			files = (
			);
			runOnlyForDeploymentPostprocessing = 0;
		};
		5CF29E2027DF8DF30021A3C8 /* Resources */ = {
			isa = PBXResourcesBuildPhase;
			buildActionMask = 2147483647;
			files = (
			);
			runOnlyForDeploymentPostprocessing = 0;
		};
/* End PBXResourcesBuildPhase section */

/* Begin PBXSourcesBuildPhase section */
		5CF29DFD27DF8DF20021A3C8 /* Sources */ = {
			isa = PBXSourcesBuildPhase;
			buildActionMask = 2147483647;
			files = (
				5CF29E0927DF8DF20021A3C8 /* ViewController.swift in Sources */,
				5CF29E0527DF8DF20021A3C8 /* AppDelegate.swift in Sources */,
				5CF29E0727DF8DF20021A3C8 /* SceneDelegate.swift in Sources */,
				5CF29E3D27DF8EAC0021A3C8 /* CaptchaImageView.swift in Sources */,
				5C1747B027E236B70063284B /* AudioViewController.swift in Sources */,
			);
			runOnlyForDeploymentPostprocessing = 0;
		};
		5CF29E1327DF8DF30021A3C8 /* Sources */ = {
			isa = PBXSourcesBuildPhase;
			buildActionMask = 2147483647;
			files = (
				5CF29E1C27DF8DF30021A3C8 /* CaptchaTests.swift in Sources */,
			);
			runOnlyForDeploymentPostprocessing = 0;
		};
		5CF29E1E27DF8DF30021A3C8 /* Sources */ = {
			isa = PBXSourcesBuildPhase;
			buildActionMask = 2147483647;
			files = (
				5CF29E2727DF8DF30021A3C8 /* CaptchaUITests.swift in Sources */,
			);
			runOnlyForDeploymentPostprocessing = 0;
		};
/* End PBXSourcesBuildPhase section */

/* Begin PBXTargetDependency section */
		5CF29E1927DF8DF30021A3C8 /* PBXTargetDependency */ = {
			isa = PBXTargetDependency;
			target = 5CF29E0027DF8DF20021A3C8 /* Captcha */;
			targetProxy = 5CF29E1827DF8DF30021A3C8 /* PBXContainerItemProxy */;
		};
		5CF29E2427DF8DF30021A3C8 /* PBXTargetDependency */ = {
			isa = PBXTargetDependency;
			target = 5CF29E0027DF8DF20021A3C8 /* Captcha */;
			targetProxy = 5CF29E2327DF8DF30021A3C8 /* PBXContainerItemProxy */;
		};
/* End PBXTargetDependency section */

/* Begin PBXVariantGroup section */
		5CF29E0A27DF8DF20021A3C8 /* Main.storyboard */ = {
			isa = PBXVariantGroup;
			children = (
				5CF29E0B27DF8DF20021A3C8 /* Base */,
			);
			name = Main.storyboard;
			sourceTree = "<group>";
		};
		5CF29E0F27DF8DF30021A3C8 /* LaunchScreen.storyboard */ = {
			isa = PBXVariantGroup;
			children = (
				5CF29E1027DF8DF30021A3C8 /* Base */,
			);
			name = LaunchScreen.storyboard;
			sourceTree = "<group>";
		};
/* End PBXVariantGroup section */

/* Begin XCBuildConfiguration section */
		5CF29E2927DF8DF30021A3C8 /* Debug */ = {
			isa = XCBuildConfiguration;
			buildSettings = {
				ALWAYS_SEARCH_USER_PATHS = NO;
				CLANG_ANALYZER_NONNULL = YES;
				CLANG_ANALYZER_NUMBER_OBJECT_CONVERSION = YES_AGGRESSIVE;
				CLANG_CXX_LANGUAGE_STANDARD = "gnu++14";
				CLANG_CXX_LIBRARY = "libc++";
				CLANG_ENABLE_MODULES = YES;
				CLANG_ENABLE_OBJC_ARC = YES;
				CLANG_ENABLE_OBJC_WEAK = YES;
				CLANG_WARN_BLOCK_CAPTURE_AUTORELEASING = YES;
				CLANG_WARN_BOOL_CONVERSION = YES;
				CLANG_WARN_COMMA = YES;
				CLANG_WARN_CONSTANT_CONVERSION = YES;
				CLANG_WARN_DEPRECATED_OBJC_IMPLEMENTATIONS = YES;
				CLANG_WARN_DIRECT_OBJC_ISA_USAGE = YES_ERROR;
				CLANG_WARN_DOCUMENTATION_COMMENTS = YES;
				CLANG_WARN_EMPTY_BODY = YES;
				CLANG_WARN_ENUM_CONVERSION = YES;
				CLANG_WARN_INFINITE_RECURSION = YES;
				CLANG_WARN_INT_CONVERSION = YES;
				CLANG_WARN_NON_LITERAL_NULL_CONVERSION = YES;
				CLANG_WARN_OBJC_IMPLICIT_RETAIN_SELF = YES;
				CLANG_WARN_OBJC_LITERAL_CONVERSION = YES;
				CLANG_WARN_OBJC_ROOT_CLASS = YES_ERROR;
				CLANG_WARN_QUOTED_INCLUDE_IN_FRAMEWORK_HEADER = YES;
				CLANG_WARN_RANGE_LOOP_ANALYSIS = YES;
				CLANG_WARN_STRICT_PROTOTYPES = YES;
				CLANG_WARN_SUSPICIOUS_MOVE = YES;
				CLANG_WARN_UNGUARDED_AVAILABILITY = YES_AGGRESSIVE;
				CLANG_WARN_UNREACHABLE_CODE = YES;
				CLANG_WARN__DUPLICATE_METHOD_MATCH = YES;
				COPY_PHASE_STRIP = NO;
				DEBUG_INFORMATION_FORMAT = dwarf;
				ENABLE_STRICT_OBJC_MSGSEND = YES;
				ENABLE_TESTABILITY = YES;
				GCC_C_LANGUAGE_STANDARD = gnu11;
				GCC_DYNAMIC_NO_PIC = NO;
				GCC_NO_COMMON_BLOCKS = YES;
				GCC_OPTIMIZATION_LEVEL = 0;
				GCC_PREPROCESSOR_DEFINITIONS = (
					"DEBUG=1",
					"$(inherited)",
				);
				GCC_WARN_64_TO_32_BIT_CONVERSION = YES;
				GCC_WARN_ABOUT_RETURN_TYPE = YES_ERROR;
				GCC_WARN_UNDECLARED_SELECTOR = YES;
				GCC_WARN_UNINITIALIZED_AUTOS = YES_AGGRESSIVE;
				GCC_WARN_UNUSED_FUNCTION = YES;
				GCC_WARN_UNUSED_VARIABLE = YES;
				IPHONEOS_DEPLOYMENT_TARGET = 14.4;
				MTL_ENABLE_DEBUG_INFO = INCLUDE_SOURCE;
				MTL_FAST_MATH = YES;
				ONLY_ACTIVE_ARCH = YES;
				SDKROOT = iphoneos;
				SWIFT_ACTIVE_COMPILATION_CONDITIONS = DEBUG;
				SWIFT_OPTIMIZATION_LEVEL = "-Onone";
			};
			name = Debug;
		};
		5CF29E2A27DF8DF30021A3C8 /* Release */ = {
			isa = XCBuildConfiguration;
			buildSettings = {
				ALWAYS_SEARCH_USER_PATHS = NO;
				CLANG_ANALYZER_NONNULL = YES;
				CLANG_ANALYZER_NUMBER_OBJECT_CONVERSION = YES_AGGRESSIVE;
				CLANG_CXX_LANGUAGE_STANDARD = "gnu++14";
				CLANG_CXX_LIBRARY = "libc++";
				CLANG_ENABLE_MODULES = YES;
				CLANG_ENABLE_OBJC_ARC = YES;
				CLANG_ENABLE_OBJC_WEAK = YES;
				CLANG_WARN_BLOCK_CAPTURE_AUTORELEASING = YES;
				CLANG_WARN_BOOL_CONVERSION = YES;
				CLANG_WARN_COMMA = YES;
				CLANG_WARN_CONSTANT_CONVERSION = YES;
				CLANG_WARN_DEPRECATED_OBJC_IMPLEMENTATIONS = YES;
				CLANG_WARN_DIRECT_OBJC_ISA_USAGE = YES_ERROR;
				CLANG_WARN_DOCUMENTATION_COMMENTS = YES;
				CLANG_WARN_EMPTY_BODY = YES;
				CLANG_WARN_ENUM_CONVERSION = YES;
				CLANG_WARN_INFINITE_RECURSION = YES;
				CLANG_WARN_INT_CONVERSION = YES;
				CLANG_WARN_NON_LITERAL_NULL_CONVERSION = YES;
				CLANG_WARN_OBJC_IMPLICIT_RETAIN_SELF = YES;
				CLANG_WARN_OBJC_LITERAL_CONVERSION = YES;
				CLANG_WARN_OBJC_ROOT_CLASS = YES_ERROR;
				CLANG_WARN_QUOTED_INCLUDE_IN_FRAMEWORK_HEADER = YES;
				CLANG_WARN_RANGE_LOOP_ANALYSIS = YES;
				CLANG_WARN_STRICT_PROTOTYPES = YES;
				CLANG_WARN_SUSPICIOUS_MOVE = YES;
				CLANG_WARN_UNGUARDED_AVAILABILITY = YES_AGGRESSIVE;
				CLANG_WARN_UNREACHABLE_CODE = YES;
				CLANG_WARN__DUPLICATE_METHOD_MATCH = YES;
				COPY_PHASE_STRIP = NO;
				DEBUG_INFORMATION_FORMAT = "dwarf-with-dsym";
				ENABLE_NS_ASSERTIONS = NO;
				ENABLE_STRICT_OBJC_MSGSEND = YES;
				GCC_C_LANGUAGE_STANDARD = gnu11;
				GCC_NO_COMMON_BLOCKS = YES;
				GCC_WARN_64_TO_32_BIT_CONVERSION = YES;
				GCC_WARN_ABOUT_RETURN_TYPE = YES_ERROR;
				GCC_WARN_UNDECLARED_SELECTOR = YES;
				GCC_WARN_UNINITIALIZED_AUTOS = YES_AGGRESSIVE;
				GCC_WARN_UNUSED_FUNCTION = YES;
				GCC_WARN_UNUSED_VARIABLE = YES;
				IPHONEOS_DEPLOYMENT_TARGET = 14.4;
				MTL_ENABLE_DEBUG_INFO = NO;
				MTL_FAST_MATH = YES;
				SDKROOT = iphoneos;
				SWIFT_COMPILATION_MODE = wholemodule;
				SWIFT_OPTIMIZATION_LEVEL = "-O";
				VALIDATE_PRODUCT = YES;
			};
			name = Release;
		};
		5CF29E2C27DF8DF30021A3C8 /* Debug */ = {
			isa = XCBuildConfiguration;
			buildSettings = {
				ASSETCATALOG_COMPILER_APPICON_NAME = AppIcon;
				ASSETCATALOG_COMPILER_GLOBAL_ACCENT_COLOR_NAME = AccentColor;
				CODE_SIGN_STYLE = Automatic;
				INFOPLIST_FILE = Captcha/Info.plist;
				LD_RUNPATH_SEARCH_PATHS = (
					"$(inherited)",
					"@executable_path/Frameworks",
				);
				PRODUCT_BUNDLE_IDENTIFIER = raghav.mobileApp.Captcha;
				PRODUCT_NAME = "$(TARGET_NAME)";
				SWIFT_VERSION = 5.0;
				TARGETED_DEVICE_FAMILY = "1,2";
			};
			name = Debug;
		};
		5CF29E2D27DF8DF30021A3C8 /* Release */ = {
			isa = XCBuildConfiguration;
			buildSettings = {
				ASSETCATALOG_COMPILER_APPICON_NAME = AppIcon;
				ASSETCATALOG_COMPILER_GLOBAL_ACCENT_COLOR_NAME = AccentColor;
				CODE_SIGN_STYLE = Automatic;
				INFOPLIST_FILE = Captcha/Info.plist;
				LD_RUNPATH_SEARCH_PATHS = (
					"$(inherited)",
					"@executable_path/Frameworks",
				);
				PRODUCT_BUNDLE_IDENTIFIER = raghav.mobileApp.Captcha;
				PRODUCT_NAME = "$(TARGET_NAME)";
				SWIFT_VERSION = 5.0;
				TARGETED_DEVICE_FAMILY = "1,2";
			};
			name = Release;
		};
		5CF29E2F27DF8DF30021A3C8 /* Debug */ = {
			isa = XCBuildConfiguration;
			buildSettings = {
				ALWAYS_EMBED_SWIFT_STANDARD_LIBRARIES = YES;
				BUNDLE_LOADER = "$(TEST_HOST)";
				CODE_SIGN_STYLE = Automatic;
				INFOPLIST_FILE = CaptchaTests/Info.plist;
				IPHONEOS_DEPLOYMENT_TARGET = 14.4;
				LD_RUNPATH_SEARCH_PATHS = (
					"$(inherited)",
					"@executable_path/Frameworks",
					"@loader_path/Frameworks",
				);
				PRODUCT_BUNDLE_IDENTIFIER = raghav.mobileApp.CaptchaTests;
				PRODUCT_NAME = "$(TARGET_NAME)";
				SWIFT_VERSION = 5.0;
				TARGETED_DEVICE_FAMILY = "1,2";
				TEST_HOST = "$(BUILT_PRODUCTS_DIR)/Captcha.app/Captcha";
			};
			name = Debug;
		};
		5CF29E3027DF8DF30021A3C8 /* Release */ = {
			isa = XCBuildConfiguration;
			buildSettings = {
				ALWAYS_EMBED_SWIFT_STANDARD_LIBRARIES = YES;
				BUNDLE_LOADER = "$(TEST_HOST)";
				CODE_SIGN_STYLE = Automatic;
				INFOPLIST_FILE = CaptchaTests/Info.plist;
				IPHONEOS_DEPLOYMENT_TARGET = 14.4;
				LD_RUNPATH_SEARCH_PATHS = (
					"$(inherited)",
					"@executable_path/Frameworks",
					"@loader_path/Frameworks",
				);
				PRODUCT_BUNDLE_IDENTIFIER = raghav.mobileApp.CaptchaTests;
				PRODUCT_NAME = "$(TARGET_NAME)";
				SWIFT_VERSION = 5.0;
				TARGETED_DEVICE_FAMILY = "1,2";
				TEST_HOST = "$(BUILT_PRODUCTS_DIR)/Captcha.app/Captcha";
			};
			name = Release;
		};
		5CF29E3227DF8DF30021A3C8 /* Debug */ = {
			isa = XCBuildConfiguration;
			buildSettings = {
				ALWAYS_EMBED_SWIFT_STANDARD_LIBRARIES = YES;
				CODE_SIGN_STYLE = Automatic;
				INFOPLIST_FILE = CaptchaUITests/Info.plist;
				LD_RUNPATH_SEARCH_PATHS = (
					"$(inherited)",
					"@executable_path/Frameworks",
					"@loader_path/Frameworks",
				);
				PRODUCT_BUNDLE_IDENTIFIER = raghav.mobileApp.CaptchaUITests;
				PRODUCT_NAME = "$(TARGET_NAME)";
				SWIFT_VERSION = 5.0;
				TARGETED_DEVICE_FAMILY = "1,2";
				TEST_TARGET_NAME = Captcha;
			};
			name = Debug;
		};
		5CF29E3327DF8DF30021A3C8 /* Release */ = {
			isa = XCBuildConfiguration;
			buildSettings = {
				ALWAYS_EMBED_SWIFT_STANDARD_LIBRARIES = YES;
				CODE_SIGN_STYLE = Automatic;
				INFOPLIST_FILE = CaptchaUITests/Info.plist;
				LD_RUNPATH_SEARCH_PATHS = (
					"$(inherited)",
					"@executable_path/Frameworks",
					"@loader_path/Frameworks",
				);
				PRODUCT_BUNDLE_IDENTIFIER = raghav.mobileApp.CaptchaUITests;
				PRODUCT_NAME = "$(TARGET_NAME)";
				SWIFT_VERSION = 5.0;
				TARGETED_DEVICE_FAMILY = "1,2";
				TEST_TARGET_NAME = Captcha;
			};
			name = Release;
		};
/* End XCBuildConfiguration section */

/* Begin XCConfigurationList section */
		5CF29DFC27DF8DF20021A3C8 /* Build configuration list for PBXProject "Captcha" */ = {
			isa = XCConfigurationList;
			buildConfigurations = (
				5CF29E2927DF8DF30021A3C8 /* Debug */,
				5CF29E2A27DF8DF30021A3C8 /* Release */,
			);
			defaultConfigurationIsVisible = 0;
			defaultConfigurationName = Release;
		};
		5CF29E2B27DF8DF30021A3C8 /* Build configuration list for PBXNativeTarget "Captcha" */ = {
			isa = XCConfigurationList;
			buildConfigurations = (
				5CF29E2C27DF8DF30021A3C8 /* Debug */,
				5CF29E2D27DF8DF30021A3C8 /* Release */,
			);
			defaultConfigurationIsVisible = 0;
			defaultConfigurationName = Release;
		};
		5CF29E2E27DF8DF30021A3C8 /* Build configuration list for PBXNativeTarget "CaptchaTests" */ = {
			isa = XCConfigurationList;
			buildConfigurations = (
				5CF29E2F27DF8DF30021A3C8 /* Debug */,
				5CF29E3027DF8DF30021A3C8 /* Release */,
			);
			defaultConfigurationIsVisible = 0;
			defaultConfigurationName = Release;
		};
		5CF29E3127DF8DF30021A3C8 /* Build configuration list for PBXNativeTarget "CaptchaUITests" */ = {
			isa = XCConfigurationList;
			buildConfigurations = (
				5CF29E3227DF8DF30021A3C8 /* Debug */,
				5CF29E3327DF8DF30021A3C8 /* Release */,
			);
			defaultConfigurationIsVisible = 0;
			defaultConfigurationName = Release;
		};
/* End XCConfigurationList section */
	};
	rootObject = 5CF29DF927DF8DF20021A3C8 /* Project object */;
}
